
Microsoft Visual Studio Solution File, Format Version 12.00
# Visual Studio 15
VisualStudioVersion = 15.0.28010.2003
MinimumVisualStudioVersion = 10.0.40219.1
Project("{2150E333-8FDC-42A3-9474-1A3956D46DE8}") = "Solution Items", "Solution Items", "{A0A86C51-87D8-45C3-9984-69C52228B5B3}"
	ProjectSection(SolutionItems) = preProject
		.gitignore = .gitignore
		build.sh = build.sh
		clean_builds.sh = clean_builds.sh
		connect_ecr.sh = connect_ecr.sh
		cygwin_start.sh = cygwin_start.sh
		alpine\entrypoint.sh = alpine\entrypoint.sh
		push.sh = push.sh
		run.sh = run.sh
		wsl_start.sh = wsl_start.sh
	EndProjectSection
EndProject
Project("{2150E333-8FDC-42A3-9474-1A3956D46DE8}") = "centos", "centos", "{604BE433-EFAC-4072-A061-8DC8831482D1}"
	ProjectSection(SolutionItems) = preProject
		centos\Dockerfile = centos\Dockerfile
		centos\NAME = centos\NAME
		centos\VERSION = centos\VERSION
	EndProjectSection
EndProject
Project("{2150E333-8FDC-42A3-9474-1A3956D46DE8}") = "alpine", "alpine", "{E9486C2F-5548-4080-ADD4-19B38AD04610}"
	ProjectSection(SolutionItems) = preProject
		alpine\Dockerfile = alpine\Dockerfile
		alpine\entrypoint.sh = alpine\entrypoint.sh
		alpine\NAME = alpine\NAME
		alpine\VERSION = alpine\VERSION
	EndProjectSection
EndProject
Project("{2150E333-8FDC-42A3-9474-1A3956D46DE8}") = "ubuntu", "ubuntu", "{00CDB0F2-D7A5-4FA1-BDC7-D8C18F0891D0}"
	ProjectSection(SolutionItems) = preProject
		ubuntu\docker-compose.yml = ubuntu\docker-compose.yml
		ubuntu\Dockerfile = ubuntu\Dockerfile
		ubuntu\entrypoint.sh = ubuntu\entrypoint.sh
		ubuntu\NAME = ubuntu\NAME
		ubuntu\VERSION = ubuntu\VERSION
	EndProjectSection
EndProject
Global
	GlobalSection(SolutionProperties) = preSolution
		HideSolutionNode = FALSE
	EndGlobalSection
	GlobalSection(NestedProjects) = preSolution
		{604BE433-EFAC-4072-A061-8DC8831482D1} = {A0A86C51-87D8-45C3-9984-69C52228B5B3}
		{E9486C2F-5548-4080-ADD4-19B38AD04610} = {A0A86C51-87D8-45C3-9984-69C52228B5B3}
		{00CDB0F2-D7A5-4FA1-BDC7-D8C18F0891D0} = {A0A86C51-87D8-45C3-9984-69C52228B5B3}
	EndGlobalSection
	GlobalSection(ExtensibilityGlobals) = postSolution
		SolutionGuid = {FD87CF00-5ED1-4C59-8451-62C36ADC16AD}
	EndGlobalSection
EndGlobal
